<?xml version="1.0" encoding="utf-8"?>
<Project ToolsVersion="4.0" xmlns="http://schemas.microsoft.com/developer/msbuild/2003">
  <ItemGroup>
    <Filter Include="Archivos de código fuente">
      <UniqueIdentifier>{4FC737F1-C7A5-4376-A066-2A32D752A2FF}</UniqueIdentifier>
      <Extensions>cpp;c;cc;cxx;def;odl;idl;hpj;bat;asm;asmx</Extensions>
    </Filter>
    <Filter Include="Archivos de encabezado">
      <UniqueIdentifier>{93995380-89BD-4b04-88EB-625FBE52EBFB}</UniqueIdentifier>
      <Extensions>h;hh;hpp;hxx;hm;inl;inc;xsd</Extensions>
    </Filter>
    <Filter Include="Archivos de recursos">
      <UniqueIdentifier>{67DA6AB6-F800-4c08-8B7A-83BB121AAD01}</UniqueIdentifier>
      <Extensions>rc;ico;cur;bmp;dlg;rc2;rct;bin;rgs;gif;jpg;jpeg;jpe;resx;tiff;tif;png;wav;mfcribbon-ms</Extensions>
    </Filter>
  </ItemGroup>
  <ItemGroup>
    <Text Include="ReadMe.txt" />
    <Text Include="res\leaderboard.txt">
      <Filter>Archivos de recursos</Filter>
    </Text>
  </ItemGroup>
  <ItemGroup>
    <ClInclude Include="EntornVGI.h">
      <Filter>Archivos de encabezado</Filter>
    </ClInclude>
    <ClInclude Include="stdafx.h">
      <Filter>Archivos de encabezado</Filter>
    </ClInclude>
    <ClInclude Include="targetver.h">
      <Filter>Archivos de encabezado</Filter>
    </ClInclude>
    <ClInclude Include="MainFrm.h">
      <Filter>Archivos de encabezado</Filter>
    </ClInclude>
    <ClInclude Include="ChildFrm.h">
      <Filter>Archivos de encabezado</Filter>
    </ClInclude>
    <ClInclude Include="EntornVGIDoc.h">
      <Filter>Archivos de encabezado</Filter>
    </ClInclude>
    <ClInclude Include="EntornVGIView.h">
      <Filter>Archivos de encabezado</Filter>
    </ClInclude>
    <ClInclude Include="Resource.h">
      <Filter>Archivos de encabezado</Filter>
    </ClInclude>
    <ClInclude Include="FileView.h">
      <Filter>Archivos de encabezado</Filter>
    </ClInclude>
    <ClInclude Include="ClassView.h">
      <Filter>Archivos de encabezado</Filter>
    </ClInclude>
    <ClInclude Include="ViewTree.h">
      <Filter>Archivos de encabezado</Filter>
    </ClInclude>
    <ClInclude Include="OutputWnd.h">
      <Filter>Archivos de encabezado</Filter>
    </ClInclude>
    <ClInclude Include="PropertiesWnd.h">
      <Filter>Archivos de encabezado</Filter>
    </ClInclude>
    <ClInclude Include="constants.h">
      <Filter>Archivos de encabezado</Filter>
    </ClInclude>
    <ClInclude Include="escena.h">
      <Filter>Archivos de encabezado</Filter>
    </ClInclude>
    <ClInclude Include="Obj3DS.h">
      <Filter>Archivos de encabezado</Filter>
    </ClInclude>
    <ClInclude Include="objLoader.h">
      <Filter>Archivos de encabezado</Filter>
    </ClInclude>
    <ClInclude Include="material.h">
      <Filter>Archivos de encabezado</Filter>
    </ClInclude>
    <ClInclude Include="Load3DS.h">
      <Filter>Archivos de encabezado</Filter>
    </ClInclude>
    <ClInclude Include="visualitzacio.h">
      <Filter>Archivos de encabezado</Filter>
    </ClInclude>
    <ClInclude Include="glut_geometry.h">
      <Filter>Archivos de encabezado</Filter>
    </ClInclude>
    <ClInclude Include="normals.h">
      <Filter>Archivos de encabezado</Filter>
    </ClInclude>
    <ClInclude Include="Classes.h">
      <Filter>Archivos de encabezado</Filter>
    </ClInclude>
    <ClInclude Include="glut_font.h">
      <Filter>Archivos de encabezado</Filter>
    </ClInclude>
  </ItemGroup>
  <ItemGroup>
    <ClCompile Include="EntornVGI.cpp">
      <Filter>Archivos de código fuente</Filter>
    </ClCompile>
    <ClCompile Include="stdafx.cpp">
      <Filter>Archivos de código fuente</Filter>
    </ClCompile>
    <ClCompile Include="MainFrm.cpp">
      <Filter>Archivos de código fuente</Filter>
    </ClCompile>
    <ClCompile Include="ChildFrm.cpp">
      <Filter>Archivos de código fuente</Filter>
    </ClCompile>
    <ClCompile Include="EntornVGIDoc.cpp">
      <Filter>Archivos de código fuente</Filter>
    </ClCompile>
    <ClCompile Include="EntornVGIView.cpp">
      <Filter>Archivos de código fuente</Filter>
    </ClCompile>
    <ClCompile Include="FileView.cpp">
      <Filter>Archivos de código fuente</Filter>
    </ClCompile>
    <ClCompile Include="ClassView.cpp">
      <Filter>Archivos de código fuente</Filter>
    </ClCompile>
    <ClCompile Include="ViewTree.cpp">
      <Filter>Archivos de código fuente</Filter>
    </ClCompile>
    <ClCompile Include="OutputWnd.cpp">
      <Filter>Archivos de código fuente</Filter>
    </ClCompile>
    <ClCompile Include="PropertiesWnd.cpp">
      <Filter>Archivos de código fuente</Filter>
    </ClCompile>
    <ClCompile Include="Obj3DS.cpp">
      <Filter>Archivos de código fuente</Filter>
    </ClCompile>
    <ClCompile Include="objLoader.cpp">
      <Filter>Archivos de código fuente</Filter>
    </ClCompile>
    <ClCompile Include="escena.cpp">
      <Filter>Archivos de código fuente</Filter>
    </ClCompile>
    <ClCompile Include="Load3DS.cpp">
      <Filter>Archivos de código fuente</Filter>
    </ClCompile>
    <ClCompile Include="visualitzacio.cpp">
      <Filter>Archivos de código fuente</Filter>
    </ClCompile>
    <ClCompile Include="material.cpp">
      <Filter>Archivos de código fuente</Filter>
    </ClCompile>
    <ClCompile Include="glut_geometry.cpp">
      <Filter>Archivos de código fuente</Filter>
    </ClCompile>
    <ClCompile Include="normals.cpp">
      <Filter>Archivos de código fuente</Filter>
    </ClCompile>
    <ClCompile Include="glut_font.cpp">
      <Filter>Archivos de código fuente</Filter>
    </ClCompile>
  </ItemGroup>
  <ItemGroup>
    <ResourceCompile Include="EntornVGI.rc">
      <Filter>Archivos de recursos</Filter>
    </ResourceCompile>
  </ItemGroup>
  <ItemGroup>
    <Image Include="res\file_view.ico">
      <Filter>Archivos de recursos</Filter>
    </Image>
    <Image Include="res\file_view_hc.ico">
      <Filter>Archivos de recursos</Filter>
    </Image>
    <Image Include="res\class_view.ico">
      <Filter>Archivos de recursos</Filter>
    </Image>
    <Image Include="res\class_view_hc.ico">
      <Filter>Archivos de recursos</Filter>
    </Image>
    <Image Include="res\fileview.bmp">
      <Filter>Archivos de recursos</Filter>
    </Image>
    <Image Include="res\fileview_hc.bmp">
      <Filter>Archivos de recursos</Filter>
    </Image>
    <Image Include="res\classview.bmp">
      <Filter>Archivos de recursos</Filter>
    </Image>
    <Image Include="res\classview_hc.bmp">
      <Filter>Archivos de recursos</Filter>
    </Image>
    <Image Include="res\explorer.bmp">
      <Filter>Archivos de recursos</Filter>
    </Image>
    <Image Include="res\explorer_hc.bmp">
      <Filter>Archivos de recursos</Filter>
    </Image>
    <Image Include="res\sort.bmp">
      <Filter>Archivos de recursos</Filter>
    </Image>
    <Image Include="res\sort_hc.bmp">
      <Filter>Archivos de recursos</Filter>
    </Image>
    <Image Include="res\menuimages.bmp">
      <Filter>Archivos de recursos</Filter>
    </Image>
    <Image Include="res\menuimages_hc.bmp">
      <Filter>Archivos de recursos</Filter>
    </Image>
    <Image Include="res\output_wnd.ico">
      <Filter>Archivos de recursos</Filter>
    </Image>
    <Image Include="res\output_wnd_hc.ico">
      <Filter>Archivos de recursos</Filter>
    </Image>
    <Image Include="res\properties_wnd.ico">
      <Filter>Archivos de recursos</Filter>
    </Image>
    <Image Include="res\properties_wnd_hc.ico">
      <Filter>Archivos de recursos</Filter>
    </Image>
    <Image Include="res\properties.bmp">
      <Filter>Archivos de recursos</Filter>
    </Image>
    <Image Include="res\properties_hc.bmp">
      <Filter>Archivos de recursos</Filter>
    </Image>
    <Image Include="UserImages.bmp">
      <Filter>Archivos de recursos</Filter>
    </Image>
    <Image Include="res\EntornVGIDoc.ico">
      <Filter>Archivos de recursos</Filter>
    </Image>
    <Image Include="res\EntornVGI.ico">
      <Filter>Archivos de recursos</Filter>
    </Image>
    <Image Include="res\Toolbar.bmp">
      <Filter>Archivos de recursos</Filter>
    </Image>
    <Image Include="res\Toolbar256.bmp">
      <Filter>Archivos de recursos</Filter>
    </Image>
  </ItemGroup>
  <ItemGroup>
    <None Include="res\EntornVGI.rc2">
      <Filter>Archivos de recursos</Filter>
    </None>
  </ItemGroup>
</Project>